
Microsoft Visual Studio Solution File, Format Version 12.00
# Visual Studio Version 17
VisualStudioVersion = 17.14.35906.104 d17.14
MinimumVisualStudioVersion = 10.0.40219.1
Project("{FAE04EC0-301F-11D3-BF4B-00C04F79EFBC}") = "N16__YP__Task-3_17.04.2025", "N16__YP__Task-3_17.04.2025.csproj", "{9021DFCB-E0A2-41AF-8D88-8DCBAF702410}"
EndProject
Global
	GlobalSection(SolutionConfigurationPlatforms) = preSolution
		Debug|Any CPU = Debug|Any CPU
		Release|Any CPU = Release|Any CPU
	EndGlobalSection
	GlobalSection(ProjectConfigurationPlatforms) = postSolution
		{9021DFCB-E0A2-41AF-8D88-8DCBAF702410}.Debug|Any CPU.ActiveCfg = Debug|Any CPU
		{9021DFCB-E0A2-41AF-8D88-8DCBAF702410}.Debug|Any CPU.Build.0 = Debug|Any CPU
		{9021DFCB-E0A2-41AF-8D88-8DCBAF702410}.Release|Any CPU.ActiveCfg = Release|Any CPU
		{9021DFCB-E0A2-41AF-8D88-8DCBAF702410}.Release|Any CPU.Build.0 = Release|Any CPU
	EndGlobalSection
	GlobalSection(SolutionProperties) = preSolution
		HideSolutionNode = FALSE
	EndGlobalSection
	GlobalSection(ExtensibilityGlobals) = postSolution
		SolutionGuid = {268EFB45-3F8F-4F73-AAB5-F345E5440AFE}
	EndGlobalSection
EndGlobal
